
Microsoft Visual Studio Solution File, Format Version 12.00
# Visual Studio Version 17
VisualStudioVersion = 17.9.34310.174
MinimumVisualStudioVersion = 10.0.40219.1
Project("{9A19103F-16F7-4668-BE54-9A1E7A4F7556}") = "XRSharp.CommunityToolkit.Networked", "XRSharp.CommunityToolkit.Networked\XRSharp.CommunityToolkit.Networked.csproj", "{A14AF71E-E150-4F35-8FA5-404F6120081B}"
EndProject
Project("{FAE04EC0-301F-11D3-BF4B-00C04F79EFBC}") = "XRSharp.CommunityToolkit.Browser", "XRSharp.CommunityToolkit\XRSharp.CommunityToolkit.Browser\XRSharp.CommunityToolkit.Browser.csproj", "{88B7BB0E-F737-4761-9423-BD629184D0A3}"
EndProject
Project("{FAE04EC0-301F-11D3-BF4B-00C04F79EFBC}") = "XRSharp.CommunityToolkit", "XRSharp.CommunityToolkit\XRSharp.CommunityToolkit\XRSharp.CommunityToolkit.csproj", "{999CB164-4178-47AA-A3AF-548DD8A1588B}"
EndProject
Global
	GlobalSection(SolutionConfigurationPlatforms) = preSolution
		Debug|Any CPU = Debug|Any CPU
		Release|Any CPU = Release|Any CPU
	EndGlobalSection
	GlobalSection(ProjectConfigurationPlatforms) = postSolution
		{A14AF71E-E150-4F35-8FA5-404F6120081B}.Debug|Any CPU.ActiveCfg = Debug|Any CPU
		{A14AF71E-E150-4F35-8FA5-404F6120081B}.Debug|Any CPU.Build.0 = Debug|Any CPU
		{A14AF71E-E150-4F35-8FA5-404F6120081B}.Release|Any CPU.ActiveCfg = Release|Any CPU
		{A14AF71E-E150-4F35-8FA5-404F6120081B}.Release|Any CPU.Build.0 = Release|Any CPU
		{88B7BB0E-F737-4761-9423-BD629184D0A3}.Debug|Any CPU.ActiveCfg = Debug|Any CPU
		{88B7BB0E-F737-4761-9423-BD629184D0A3}.Debug|Any CPU.Build.0 = Debug|Any CPU
		{88B7BB0E-F737-4761-9423-BD629184D0A3}.Release|Any CPU.ActiveCfg = Release|Any CPU
		{88B7BB0E-F737-4761-9423-BD629184D0A3}.Release|Any CPU.Build.0 = Release|Any CPU
		{999CB164-4178-47AA-A3AF-548DD8A1588B}.Debug|Any CPU.ActiveCfg = Debug|Any CPU
		{999CB164-4178-47AA-A3AF-548DD8A1588B}.Debug|Any CPU.Build.0 = Debug|Any CPU
		{999CB164-4178-47AA-A3AF-548DD8A1588B}.Release|Any CPU.ActiveCfg = Release|Any CPU
		{999CB164-4178-47AA-A3AF-548DD8A1588B}.Release|Any CPU.Build.0 = Release|Any CPU
	EndGlobalSection
	GlobalSection(SolutionProperties) = preSolution
		HideSolutionNode = FALSE
	EndGlobalSection
	GlobalSection(ExtensibilityGlobals) = postSolution
		SolutionGuid = {81DD1368-632A-4BA9-8ED7-BE0936560C22}
	EndGlobalSection
EndGlobal
